
Microsoft Visual Studio Solution File, Format Version 12.00
# Visual Studio Version 17
VisualStudioVersion = 17.0.31903.59
MinimumVisualStudioVersion = 10.0.40219.1
Project("{2150E333-8FDC-42A3-9474-1A3956D46DE8}") = "src", "src", "{827E0CD3-B72D-47B6-A68D-7590B98EB39B}"
EndProject
Project("{FAE04EC0-301F-11D3-BF4B-00C04F79EFBC}") = "SNUS.SensorClient", "src\SNUS.SensorClient\SNUS.SensorClient.csproj", "{CDBCBAB5-32DE-493A-8C3D-8868BC1D3EBC}"
EndProject
Project("{FAE04EC0-301F-11D3-BF4B-00C04F79EFBC}") = "SNUS.IngestionService", "src\SNUS.IngestionService\SNUS.IngestionService.csproj", "{E9D7565E-FD94-4AE3-9403-C4B0594A6F82}"
EndProject
Project("{FAE04EC0-301F-11D3-BF4B-00C04F79EFBC}") = "SNUS.ConsensusService", "src\SNUS.ConsensusService\SNUS.ConsensusService.csproj", "{32BBB0D7-5AC2-431E-A77B-6F6AE2FCED2E}"
EndProject
Project("{FAE04EC0-301F-11D3-BF4B-00C04F79EFBC}") = "SNUS.NotificationService", "src\SNUS.NotificationService\SNUS.NotificationService.csproj", "{DE6BAAFE-D81B-4895-A279-212D69C24DAB}"
EndProject
Project("{FAE04EC0-301F-11D3-BF4B-00C04F79EFBC}") = "SNUS.Shared", "src\SNUS.Shared\SNUS.Shared.csproj", "{61BF64FE-96FF-4881-90B0-F973A65302EC}"
EndProject
Project("{FAE04EC0-301F-11D3-BF4B-00C04F79EFBC}") = "SNUS.Persistence", "src\SNUS.Persistence\SNUS.Persistence.csproj", "{4CCCC7DB-0521-4AFC-BAB5-BD47F1FC8548}"
EndProject
Global
	GlobalSection(SolutionConfigurationPlatforms) = preSolution
		Debug|Any CPU = Debug|Any CPU
		Debug|x64 = Debug|x64
		Debug|x86 = Debug|x86
		Release|Any CPU = Release|Any CPU
		Release|x64 = Release|x64
		Release|x86 = Release|x86
	EndGlobalSection
	GlobalSection(ProjectConfigurationPlatforms) = postSolution
		{CDBCBAB5-32DE-493A-8C3D-8868BC1D3EBC}.Debug|Any CPU.ActiveCfg = Debug|Any CPU
		{CDBCBAB5-32DE-493A-8C3D-8868BC1D3EBC}.Debug|Any CPU.Build.0 = Debug|Any CPU
		{CDBCBAB5-32DE-493A-8C3D-8868BC1D3EBC}.Debug|x64.ActiveCfg = Debug|Any CPU
		{CDBCBAB5-32DE-493A-8C3D-8868BC1D3EBC}.Debug|x64.Build.0 = Debug|Any CPU
		{CDBCBAB5-32DE-493A-8C3D-8868BC1D3EBC}.Debug|x86.ActiveCfg = Debug|Any CPU
		{CDBCBAB5-32DE-493A-8C3D-8868BC1D3EBC}.Debug|x86.Build.0 = Debug|Any CPU
		{CDBCBAB5-32DE-493A-8C3D-8868BC1D3EBC}.Release|Any CPU.ActiveCfg = Release|Any CPU
		{CDBCBAB5-32DE-493A-8C3D-8868BC1D3EBC}.Release|Any CPU.Build.0 = Release|Any CPU
		{CDBCBAB5-32DE-493A-8C3D-8868BC1D3EBC}.Release|x64.ActiveCfg = Release|Any CPU
		{CDBCBAB5-32DE-493A-8C3D-8868BC1D3EBC}.Release|x64.Build.0 = Release|Any CPU
		{CDBCBAB5-32DE-493A-8C3D-8868BC1D3EBC}.Release|x86.ActiveCfg = Release|Any CPU
		{CDBCBAB5-32DE-493A-8C3D-8868BC1D3EBC}.Release|x86.Build.0 = Release|Any CPU
		{E9D7565E-FD94-4AE3-9403-C4B0594A6F82}.Debug|Any CPU.ActiveCfg = Debug|Any CPU
		{E9D7565E-FD94-4AE3-9403-C4B0594A6F82}.Debug|Any CPU.Build.0 = Debug|Any CPU
		{E9D7565E-FD94-4AE3-9403-C4B0594A6F82}.Debug|x64.ActiveCfg = Debug|Any CPU
		{E9D7565E-FD94-4AE3-9403-C4B0594A6F82}.Debug|x64.Build.0 = Debug|Any CPU
		{E9D7565E-FD94-4AE3-9403-C4B0594A6F82}.Debug|x86.ActiveCfg = Debug|Any CPU
		{E9D7565E-FD94-4AE3-9403-C4B0594A6F82}.Debug|x86.Build.0 = Debug|Any CPU
		{E9D7565E-FD94-4AE3-9403-C4B0594A6F82}.Release|Any CPU.ActiveCfg = Release|Any CPU
		{E9D7565E-FD94-4AE3-9403-C4B0594A6F82}.Release|Any CPU.Build.0 = Release|Any CPU
		{E9D7565E-FD94-4AE3-9403-C4B0594A6F82}.Release|x64.ActiveCfg = Release|Any CPU
		{E9D7565E-FD94-4AE3-9403-C4B0594A6F82}.Release|x64.Build.0 = Release|Any CPU
		{E9D7565E-FD94-4AE3-9403-C4B0594A6F82}.Release|x86.ActiveCfg = Release|Any CPU
		{E9D7565E-FD94-4AE3-9403-C4B0594A6F82}.Release|x86.Build.0 = Release|Any CPU
		{32BBB0D7-5AC2-431E-A77B-6F6AE2FCED2E}.Debug|Any CPU.ActiveCfg = Debug|Any CPU
		{32BBB0D7-5AC2-431E-A77B-6F6AE2FCED2E}.Debug|Any CPU.Build.0 = Debug|Any CPU
		{32BBB0D7-5AC2-431E-A77B-6F6AE2FCED2E}.Debug|x64.ActiveCfg = Debug|Any CPU
		{32BBB0D7-5AC2-431E-A77B-6F6AE2FCED2E}.Debug|x64.Build.0 = Debug|Any CPU
		{32BBB0D7-5AC2-431E-A77B-6F6AE2FCED2E}.Debug|x86.ActiveCfg = Debug|Any CPU
		{32BBB0D7-5AC2-431E-A77B-6F6AE2FCED2E}.Debug|x86.Build.0 = Debug|Any CPU
		{32BBB0D7-5AC2-431E-A77B-6F6AE2FCED2E}.Release|Any CPU.ActiveCfg = Release|Any CPU
		{32BBB0D7-5AC2-431E-A77B-6F6AE2FCED2E}.Release|Any CPU.Build.0 = Release|Any CPU
		{32BBB0D7-5AC2-431E-A77B-6F6AE2FCED2E}.Release|x64.ActiveCfg = Release|Any CPU
		{32BBB0D7-5AC2-431E-A77B-6F6AE2FCED2E}.Release|x64.Build.0 = Release|Any CPU
		{32BBB0D7-5AC2-431E-A77B-6F6AE2FCED2E}.Release|x86.ActiveCfg = Release|Any CPU
		{32BBB0D7-5AC2-431E-A77B-6F6AE2FCED2E}.Release|x86.Build.0 = Release|Any CPU
		{DE6BAAFE-D81B-4895-A279-212D69C24DAB}.Debug|Any CPU.ActiveCfg = Debug|Any CPU
		{DE6BAAFE-D81B-4895-A279-212D69C24DAB}.Debug|Any CPU.Build.0 = Debug|Any CPU
		{DE6BAAFE-D81B-4895-A279-212D69C24DAB}.Debug|x64.ActiveCfg = Debug|Any CPU
		{DE6BAAFE-D81B-4895-A279-212D69C24DAB}.Debug|x64.Build.0 = Debug|Any CPU
		{DE6BAAFE-D81B-4895-A279-212D69C24DAB}.Debug|x86.ActiveCfg = Debug|Any CPU
		{DE6BAAFE-D81B-4895-A279-212D69C24DAB}.Debug|x86.Build.0 = Debug|Any CPU
		{DE6BAAFE-D81B-4895-A279-212D69C24DAB}.Release|Any CPU.ActiveCfg = Release|Any CPU
		{DE6BAAFE-D81B-4895-A279-212D69C24DAB}.Release|Any CPU.Build.0 = Release|Any CPU
		{DE6BAAFE-D81B-4895-A279-212D69C24DAB}.Release|x64.ActiveCfg = Release|Any CPU
		{DE6BAAFE-D81B-4895-A279-212D69C24DAB}.Release|x64.Build.0 = Release|Any CPU
		{DE6BAAFE-D81B-4895-A279-212D69C24DAB}.Release|x86.ActiveCfg = Release|Any CPU
		{DE6BAAFE-D81B-4895-A279-212D69C24DAB}.Release|x86.Build.0 = Release|Any CPU
		{61BF64FE-96FF-4881-90B0-F973A65302EC}.Debug|Any CPU.ActiveCfg = Debug|Any CPU
		{61BF64FE-96FF-4881-90B0-F973A65302EC}.Debug|Any CPU.Build.0 = Debug|Any CPU
		{61BF64FE-96FF-4881-90B0-F973A65302EC}.Debug|x64.ActiveCfg = Debug|Any CPU
		{61BF64FE-96FF-4881-90B0-F973A65302EC}.Debug|x64.Build.0 = Debug|Any CPU
		{61BF64FE-96FF-4881-90B0-F973A65302EC}.Debug|x86.ActiveCfg = Debug|Any CPU
		{61BF64FE-96FF-4881-90B0-F973A65302EC}.Debug|x86.Build.0 = Debug|Any CPU
		{61BF64FE-96FF-4881-90B0-F973A65302EC}.Release|Any CPU.ActiveCfg = Release|Any CPU
		{61BF64FE-96FF-4881-90B0-F973A65302EC}.Release|Any CPU.Build.0 = Release|Any CPU
		{61BF64FE-96FF-4881-90B0-F973A65302EC}.Release|x64.ActiveCfg = Release|Any CPU
		{61BF64FE-96FF-4881-90B0-F973A65302EC}.Release|x64.Build.0 = Release|Any CPU
		{61BF64FE-96FF-4881-90B0-F973A65302EC}.Release|x86.ActiveCfg = Release|Any CPU
		{61BF64FE-96FF-4881-90B0-F973A65302EC}.Release|x86.Build.0 = Release|Any CPU
		{4CCCC7DB-0521-4AFC-BAB5-BD47F1FC8548}.Debug|Any CPU.ActiveCfg = Debug|Any CPU
		{4CCCC7DB-0521-4AFC-BAB5-BD47F1FC8548}.Debug|Any CPU.Build.0 = Debug|Any CPU
		{4CCCC7DB-0521-4AFC-BAB5-BD47F1FC8548}.Debug|x64.ActiveCfg = Debug|Any CPU
		{4CCCC7DB-0521-4AFC-BAB5-BD47F1FC8548}.Debug|x64.Build.0 = Debug|Any CPU
		{4CCCC7DB-0521-4AFC-BAB5-BD47F1FC8548}.Debug|x86.ActiveCfg = Debug|Any CPU
		{4CCCC7DB-0521-4AFC-BAB5-BD47F1FC8548}.Debug|x86.Build.0 = Debug|Any CPU
		{4CCCC7DB-0521-4AFC-BAB5-BD47F1FC8548}.Release|Any CPU.ActiveCfg = Release|Any CPU
		{4CCCC7DB-0521-4AFC-BAB5-BD47F1FC8548}.Release|Any CPU.Build.0 = Release|Any CPU
		{4CCCC7DB-0521-4AFC-BAB5-BD47F1FC8548}.Release|x64.ActiveCfg = Release|Any CPU
		{4CCCC7DB-0521-4AFC-BAB5-BD47F1FC8548}.Release|x64.Build.0 = Release|Any CPU
		{4CCCC7DB-0521-4AFC-BAB5-BD47F1FC8548}.Release|x86.ActiveCfg = Release|Any CPU
		{4CCCC7DB-0521-4AFC-BAB5-BD47F1FC8548}.Release|x86.Build.0 = Release|Any CPU
	EndGlobalSection
	GlobalSection(SolutionProperties) = preSolution
		HideSolutionNode = FALSE
	EndGlobalSection
	GlobalSection(NestedProjects) = preSolution
		{CDBCBAB5-32DE-493A-8C3D-8868BC1D3EBC} = {827E0CD3-B72D-47B6-A68D-7590B98EB39B}
		{E9D7565E-FD94-4AE3-9403-C4B0594A6F82} = {827E0CD3-B72D-47B6-A68D-7590B98EB39B}
		{32BBB0D7-5AC2-431E-A77B-6F6AE2FCED2E} = {827E0CD3-B72D-47B6-A68D-7590B98EB39B}
		{DE6BAAFE-D81B-4895-A279-212D69C24DAB} = {827E0CD3-B72D-47B6-A68D-7590B98EB39B}
		{61BF64FE-96FF-4881-90B0-F973A65302EC} = {827E0CD3-B72D-47B6-A68D-7590B98EB39B}
		{4CCCC7DB-0521-4AFC-BAB5-BD47F1FC8548} = {827E0CD3-B72D-47B6-A68D-7590B98EB39B}
	EndGlobalSection
EndGlobal
